
Microsoft Visual Studio Solution File, Format Version 12.00
# Visual Studio 15
VisualStudioVersion = 15.0.26730.12
MinimumVisualStudioVersion = 10.0.40219.1
Project("{8BC9CEB8-8B4A-11D0-8D11-00A0C91BC942}") = "nhomTrangWeb", "nhomTrangWeb\nhomTrangWeb.vcxproj", "{B4C562B6-6534-4A30-99E5-FB6A44F3B5DD}"
EndProject
Project("{8BC9CEB8-8B4A-11D0-8D11-00A0C91BC942}") = "PhanSo", "PhanSo\PhanSo.vcxproj", "{85CF94BF-9A78-44C9-8DC3-92A2852BE07E}"
EndProject
Project("{8BC9CEB8-8B4A-11D0-8D11-00A0C91BC942}") = "Diem", "Diem\Diem.vcxproj", "{70F93ACA-2861-48B3-B7BC-1099D68BD85C}"
EndProject
Global
	GlobalSection(SolutionConfigurationPlatforms) = preSolution
		Debug|x64 = Debug|x64
		Debug|x86 = Debug|x86
		Release|x64 = Release|x64
		Release|x86 = Release|x86
	EndGlobalSection
	GlobalSection(ProjectConfigurationPlatforms) = postSolution
		{B4C562B6-6534-4A30-99E5-FB6A44F3B5DD}.Debug|x64.ActiveCfg = Debug|x64
		{B4C562B6-6534-4A30-99E5-FB6A44F3B5DD}.Debug|x64.Build.0 = Debug|x64
		{B4C562B6-6534-4A30-99E5-FB6A44F3B5DD}.Debug|x86.ActiveCfg = Debug|Win32
		{B4C562B6-6534-4A30-99E5-FB6A44F3B5DD}.Debug|x86.Build.0 = Debug|Win32
		{B4C562B6-6534-4A30-99E5-FB6A44F3B5DD}.Release|x64.ActiveCfg = Release|x64
		{B4C562B6-6534-4A30-99E5-FB6A44F3B5DD}.Release|x64.Build.0 = Release|x64
		{B4C562B6-6534-4A30-99E5-FB6A44F3B5DD}.Release|x86.ActiveCfg = Release|Win32
		{B4C562B6-6534-4A30-99E5-FB6A44F3B5DD}.Release|x86.Build.0 = Release|Win32
		{85CF94BF-9A78-44C9-8DC3-92A2852BE07E}.Debug|x64.ActiveCfg = Debug|x64
		{85CF94BF-9A78-44C9-8DC3-92A2852BE07E}.Debug|x64.Build.0 = Debug|x64
		{85CF94BF-9A78-44C9-8DC3-92A2852BE07E}.Debug|x86.ActiveCfg = Debug|Win32
		{85CF94BF-9A78-44C9-8DC3-92A2852BE07E}.Debug|x86.Build.0 = Debug|Win32
		{85CF94BF-9A78-44C9-8DC3-92A2852BE07E}.Release|x64.ActiveCfg = Release|x64
		{85CF94BF-9A78-44C9-8DC3-92A2852BE07E}.Release|x64.Build.0 = Release|x64
		{85CF94BF-9A78-44C9-8DC3-92A2852BE07E}.Release|x86.ActiveCfg = Release|Win32
		{85CF94BF-9A78-44C9-8DC3-92A2852BE07E}.Release|x86.Build.0 = Release|Win32
		{70F93ACA-2861-48B3-B7BC-1099D68BD85C}.Debug|x64.ActiveCfg = Debug|x64
		{70F93ACA-2861-48B3-B7BC-1099D68BD85C}.Debug|x64.Build.0 = Debug|x64
		{70F93ACA-2861-48B3-B7BC-1099D68BD85C}.Debug|x86.ActiveCfg = Debug|Win32
		{70F93ACA-2861-48B3-B7BC-1099D68BD85C}.Debug|x86.Build.0 = Debug|Win32
		{70F93ACA-2861-48B3-B7BC-1099D68BD85C}.Release|x64.ActiveCfg = Release|x64
		{70F93ACA-2861-48B3-B7BC-1099D68BD85C}.Release|x64.Build.0 = Release|x64
		{70F93ACA-2861-48B3-B7BC-1099D68BD85C}.Release|x86.ActiveCfg = Release|Win32
		{70F93ACA-2861-48B3-B7BC-1099D68BD85C}.Release|x86.Build.0 = Release|Win32
	EndGlobalSection
	GlobalSection(SolutionProperties) = preSolution
		HideSolutionNode = FALSE
	EndGlobalSection
	GlobalSection(ExtensibilityGlobals) = postSolution
		SolutionGuid = {A57AD594-D2B4-49BD-81E5-78ED8FA8BBA9}
	EndGlobalSection
EndGlobal
